// !$*UTF8*$!
{
	archiveVersion = 1;
	classes = {
	};
	objectVersion = 50;
	objects = {

/* Begin PBXBuildFile section */
		07202BCF25CCA08F00210B98 /* TamagotchiAppApp.swift in Sources */ = {isa = PBXBuildFile; fileRef = 074D694825BAF5A5006C165A /* TamagotchiAppApp.swift */; };
		07202BD325CCA09700210B98 /* ContentView.swift in Sources */ = {isa = PBXBuildFile; fileRef = 074D694A25BAF5A5006C165A /* ContentView.swift */; };
		07202BD725CCA0AE00210B98 /* ContentView.swift in Sources */ = {isa = PBXBuildFile; fileRef = 074D694A25BAF5A5006C165A /* ContentView.swift */; };
		074D694925BAF5A5006C165A /* TamagotchiAppApp.swift in Sources */ = {isa = PBXBuildFile; fileRef = 074D694825BAF5A5006C165A /* TamagotchiAppApp.swift */; };
		074D694B25BAF5A5006C165A /* ContentView.swift in Sources */ = {isa = PBXBuildFile; fileRef = 074D694A25BAF5A5006C165A /* ContentView.swift */; };
		074D694D25BAF5AB006C165A /* Assets.xcassets in Resources */ = {isa = PBXBuildFile; fileRef = 074D694C25BAF5AB006C165A /* Assets.xcassets */; };
		074D695025BAF5AB006C165A /* Preview Assets.xcassets in Resources */ = {isa = PBXBuildFile; fileRef = 074D694F25BAF5AB006C165A /* Preview Assets.xcassets */; };
		074D695B25BAF5AB006C165A /* TamagotchiAppTests.swift in Sources */ = {isa = PBXBuildFile; fileRef = 074D695A25BAF5AB006C165A /* TamagotchiAppTests.swift */; };
		074D696625BAF5AC006C165A /* TamagotchiAppUITests.swift in Sources */ = {isa = PBXBuildFile; fileRef = 074D696525BAF5AC006C165A /* TamagotchiAppUITests.swift */; };
		074D697725BAF630006C165A /* Tamagotchi.swift in Sources */ = {isa = PBXBuildFile; fileRef = 074D697625BAF630006C165A /* Tamagotchi.swift */; };
		074D697B25BAF8E6006C165A /* Tamagotchi.swift in Sources */ = {isa = PBXBuildFile; fileRef = 074D697625BAF630006C165A /* Tamagotchi.swift */; };
/* End PBXBuildFile section */

/* Begin PBXContainerItemProxy section */
		074D695725BAF5AB006C165A /* PBXContainerItemProxy */ = {
			isa = PBXContainerItemProxy;
			containerPortal = 074D693D25BAF5A5006C165A /* Project object */;
			proxyType = 1;
			remoteGlobalIDString = 074D694425BAF5A5006C165A;
			remoteInfo = TamagotchiApp;
		};
		074D696225BAF5AC006C165A /* PBXContainerItemProxy */ = {
			isa = PBXContainerItemProxy;
			containerPortal = 074D693D25BAF5A5006C165A /* Project object */;
			proxyType = 1;
			remoteGlobalIDString = 074D694425BAF5A5006C165A;
			remoteInfo = TamagotchiApp;
		};
/* End PBXContainerItemProxy section */

/* Begin PBXFileReference section */
		074D694525BAF5A5006C165A /* TamagotchiApp.app */ = {isa = PBXFileReference; explicitFileType = wrapper.application; includeInIndex = 0; path = TamagotchiApp.app; sourceTree = BUILT_PRODUCTS_DIR; };
		074D694825BAF5A5006C165A /* TamagotchiAppApp.swift */ = {isa = PBXFileReference; lastKnownFileType = sourcecode.swift; path = TamagotchiAppApp.swift; sourceTree = "<group>"; };
		074D694A25BAF5A5006C165A /* ContentView.swift */ = {isa = PBXFileReference; lastKnownFileType = sourcecode.swift; path = ContentView.swift; sourceTree = "<group>"; };
		074D694C25BAF5AB006C165A /* Assets.xcassets */ = {isa = PBXFileReference; lastKnownFileType = folder.assetcatalog; path = Assets.xcassets; sourceTree = "<group>"; };
		074D694F25BAF5AB006C165A /* Preview Assets.xcassets */ = {isa = PBXFileReference; lastKnownFileType = folder.assetcatalog; path = "Preview Assets.xcassets"; sourceTree = "<group>"; };
		074D695125BAF5AB006C165A /* Info.plist */ = {isa = PBXFileReference; lastKnownFileType = text.plist.xml; path = Info.plist; sourceTree = "<group>"; };
		074D695625BAF5AB006C165A /* TamagotchiAppTests.xctest */ = {isa = PBXFileReference; explicitFileType = wrapper.cfbundle; includeInIndex = 0; path = TamagotchiAppTests.xctest; sourceTree = BUILT_PRODUCTS_DIR; };
		074D695A25BAF5AB006C165A /* TamagotchiAppTests.swift */ = {isa = PBXFileReference; lastKnownFileType = sourcecode.swift; path = TamagotchiAppTests.swift; sourceTree = "<group>"; };
		074D695C25BAF5AB006C165A /* Info.plist */ = {isa = PBXFileReference; lastKnownFileType = text.plist.xml; path = Info.plist; sourceTree = "<group>"; };
		074D696125BAF5AC006C165A /* TamagotchiAppUITests.xctest */ = {isa = PBXFileReference; explicitFileType = wrapper.cfbundle; includeInIndex = 0; path = TamagotchiAppUITests.xctest; sourceTree = BUILT_PRODUCTS_DIR; };
		074D696525BAF5AC006C165A /* TamagotchiAppUITests.swift */ = {isa = PBXFileReference; lastKnownFileType = sourcecode.swift; path = TamagotchiAppUITests.swift; sourceTree = "<group>"; };
		074D696725BAF5AC006C165A /* Info.plist */ = {isa = PBXFileReference; lastKnownFileType = text.plist.xml; path = Info.plist; sourceTree = "<group>"; };
		074D697625BAF630006C165A /* Tamagotchi.swift */ = {isa = PBXFileReference; lastKnownFileType = sourcecode.swift; path = Tamagotchi.swift; sourceTree = "<group>"; };
/* End PBXFileReference section */

/* Begin PBXFrameworksBuildPhase section */
		074D694225BAF5A5006C165A /* Frameworks */ = {
			isa = PBXFrameworksBuildPhase;
			buildActionMask = 2147483647;
			files = (
			);
			runOnlyForDeploymentPostprocessing = 0;
		};
		074D695325BAF5AB006C165A /* Frameworks */ = {
			isa = PBXFrameworksBuildPhase;
			buildActionMask = 2147483647;
			files = (
			);
			runOnlyForDeploymentPostprocessing = 0;
		};
		074D695E25BAF5AC006C165A /* Frameworks */ = {
			isa = PBXFrameworksBuildPhase;
			buildActionMask = 2147483647;
			files = (
			);
			runOnlyForDeploymentPostprocessing = 0;
		};
/* End PBXFrameworksBuildPhase section */

/* Begin PBXGroup section */
		074D693C25BAF5A5006C165A = {
			isa = PBXGroup;
			children = (
				074D694725BAF5A5006C165A /* TamagotchiApp */,
				074D695925BAF5AB006C165A /* TamagotchiAppTests */,
				074D696425BAF5AC006C165A /* TamagotchiAppUITests */,
				074D694625BAF5A5006C165A /* Products */,
			);
			sourceTree = "<group>";
		};
		074D694625BAF5A5006C165A /* Products */ = {
			isa = PBXGroup;
			children = (
				074D694525BAF5A5006C165A /* TamagotchiApp.app */,
				074D695625BAF5AB006C165A /* TamagotchiAppTests.xctest */,
				074D696125BAF5AC006C165A /* TamagotchiAppUITests.xctest */,
			);
			name = Products;
			sourceTree = "<group>";
		};
		074D694725BAF5A5006C165A /* TamagotchiApp */ = {
			isa = PBXGroup;
			children = (
				074D694825BAF5A5006C165A /* TamagotchiAppApp.swift */,
				074D694A25BAF5A5006C165A /* ContentView.swift */,
				074D694C25BAF5AB006C165A /* Assets.xcassets */,
				074D695125BAF5AB006C165A /* Info.plist */,
				074D694E25BAF5AB006C165A /* Preview Content */,
				074D697625BAF630006C165A /* Tamagotchi.swift */,
			);
			path = TamagotchiApp;
			sourceTree = "<group>";
		};
		074D694E25BAF5AB006C165A /* Preview Content */ = {
			isa = PBXGroup;
			children = (
				074D694F25BAF5AB006C165A /* Preview Assets.xcassets */,
			);
			path = "Preview Content";
			sourceTree = "<group>";
		};
		074D695925BAF5AB006C165A /* TamagotchiAppTests */ = {
			isa = PBXGroup;
			children = (
				074D695A25BAF5AB006C165A /* TamagotchiAppTests.swift */,
				074D695C25BAF5AB006C165A /* Info.plist */,
			);
			path = TamagotchiAppTests;
			sourceTree = "<group>";
		};
		074D696425BAF5AC006C165A /* TamagotchiAppUITests */ = {
			isa = PBXGroup;
			children = (
				074D696525BAF5AC006C165A /* TamagotchiAppUITests.swift */,
				074D696725BAF5AC006C165A /* Info.plist */,
			);
			path = TamagotchiAppUITests;
			sourceTree = "<group>";
		};
/* End PBXGroup section */

/* Begin PBXNativeTarget section */
		074D694425BAF5A5006C165A /* TamagotchiApp */ = {
			isa = PBXNativeTarget;
			buildConfigurationList = 074D696A25BAF5AC006C165A /* Build configuration list for PBXNativeTarget "TamagotchiApp" */;
			buildPhases = (
				074D694125BAF5A5006C165A /* Sources */,
				074D694225BAF5A5006C165A /* Frameworks */,
				074D694325BAF5A5006C165A /* Resources */,
			);
			buildRules = (
			);
			dependencies = (
			);
			name = TamagotchiApp;
			productName = TamagotchiApp;
			productReference = 074D694525BAF5A5006C165A /* TamagotchiApp.app */;
			productType = "com.apple.product-type.application";
		};
		074D695525BAF5AB006C165A /* TamagotchiAppTests */ = {
			isa = PBXNativeTarget;
			buildConfigurationList = 074D696D25BAF5AC006C165A /* Build configuration list for PBXNativeTarget "TamagotchiAppTests" */;
			buildPhases = (
				074D695225BAF5AB006C165A /* Sources */,
				074D695325BAF5AB006C165A /* Frameworks */,
				074D695425BAF5AB006C165A /* Resources */,
			);
			buildRules = (
			);
			dependencies = (
				074D695825BAF5AB006C165A /* PBXTargetDependency */,
			);
			name = TamagotchiAppTests;
			productName = TamagotchiAppTests;
			productReference = 074D695625BAF5AB006C165A /* TamagotchiAppTests.xctest */;
			productType = "com.apple.product-type.bundle.unit-test";
		};
		074D696025BAF5AC006C165A /* TamagotchiAppUITests */ = {
			isa = PBXNativeTarget;
			buildConfigurationList = 074D697025BAF5AC006C165A /* Build configuration list for PBXNativeTarget "TamagotchiAppUITests" */;
			buildPhases = (
				074D695D25BAF5AC006C165A /* Sources */,
				074D695E25BAF5AC006C165A /* Frameworks */,
				074D695F25BAF5AC006C165A /* Resources */,
			);
			buildRules = (
			);
			dependencies = (
				074D696325BAF5AC006C165A /* PBXTargetDependency */,
			);
			name = TamagotchiAppUITests;
			productName = TamagotchiAppUITests;
			productReference = 074D696125BAF5AC006C165A /* TamagotchiAppUITests.xctest */;
			productType = "com.apple.product-type.bundle.ui-testing";
		};
/* End PBXNativeTarget section */

/* Begin PBXProject section */
		074D693D25BAF5A5006C165A /* Project object */ = {
			isa = PBXProject;
			attributes = {
				LastSwiftUpdateCheck = 1220;
				LastUpgradeCheck = 1220;
				TargetAttributes = {
					074D694425BAF5A5006C165A = {
						CreatedOnToolsVersion = 12.2;
					};
					074D695525BAF5AB006C165A = {
						CreatedOnToolsVersion = 12.2;
						TestTargetID = 074D694425BAF5A5006C165A;
					};
					074D696025BAF5AC006C165A = {
						CreatedOnToolsVersion = 12.2;
						TestTargetID = 074D694425BAF5A5006C165A;
					};
				};
			};
			buildConfigurationList = 074D694025BAF5A5006C165A /* Build configuration list for PBXProject "TamagotchiApp" */;
			compatibilityVersion = "Xcode 9.3";
			developmentRegion = en;
			hasScannedForEncodings = 0;
			knownRegions = (
				en,
				Base,
			);
			mainGroup = 074D693C25BAF5A5006C165A;
			productRefGroup = 074D694625BAF5A5006C165A /* Products */;
			projectDirPath = "";
			projectRoot = "";
			targets = (
				074D694425BAF5A5006C165A /* TamagotchiApp */,
				074D695525BAF5AB006C165A /* TamagotchiAppTests */,
				074D696025BAF5AC006C165A /* TamagotchiAppUITests */,
			);
		};
/* End PBXProject section */

/* Begin PBXResourcesBuildPhase section */
		074D694325BAF5A5006C165A /* Resources */ = {
			isa = PBXResourcesBuildPhase;
			buildActionMask = 2147483647;
			files = (
				074D695025BAF5AB006C165A /* Preview Assets.xcassets in Resources */,
				074D694D25BAF5AB006C165A /* Assets.xcassets in Resources */,
			);
			runOnlyForDeploymentPostprocessing = 0;
		};
		074D695425BAF5AB006C165A /* Resources */ = {
			isa = PBXResourcesBuildPhase;
			buildActionMask = 2147483647;
			files = (
			);
			runOnlyForDeploymentPostprocessing = 0;
		};
		074D695F25BAF5AC006C165A /* Resources */ = {
			isa = PBXResourcesBuildPhase;
			buildActionMask = 2147483647;
			files = (
			);
			runOnlyForDeploymentPostprocessing = 0;
		};
/* End PBXResourcesBuildPhase section */

/* Begin PBXSourcesBuildPhase section */
		074D694125BAF5A5006C165A /* Sources */ = {
			isa = PBXSourcesBuildPhase;
			buildActionMask = 2147483647;
			files = (
				074D694B25BAF5A5006C165A /* ContentView.swift in Sources */,
				074D697725BAF630006C165A /* Tamagotchi.swift in Sources */,
				074D694925BAF5A5006C165A /* TamagotchiAppApp.swift in Sources */,
			);
			runOnlyForDeploymentPostprocessing = 0;
		};
		074D695225BAF5AB006C165A /* Sources */ = {
			isa = PBXSourcesBuildPhase;
			buildActionMask = 2147483647;
			files = (
				074D697B25BAF8E6006C165A /* Tamagotchi.swift in Sources */,
				074D695B25BAF5AB006C165A /* TamagotchiAppTests.swift in Sources */,
				07202BD725CCA0AE00210B98 /* ContentView.swift in Sources */,
				07202BCF25CCA08F00210B98 /* TamagotchiAppApp.swift in Sources */,
			);
			runOnlyForDeploymentPostprocessing = 0;
		};
		074D695D25BAF5AC006C165A /* Sources */ = {
			isa = PBXSourcesBuildPhase;
			buildActionMask = 2147483647;
			files = (
				07202BD325CCA09700210B98 /* ContentView.swift in Sources */,
				074D696625BAF5AC006C165A /* TamagotchiAppUITests.swift in Sources */,
			);
			runOnlyForDeploymentPostprocessing = 0;
		};
/* End PBXSourcesBuildPhase section */

/* Begin PBXTargetDependency section */
		074D695825BAF5AB006C165A /* PBXTargetDependency */ = {
			isa = PBXTargetDependency;
			target = 074D694425BAF5A5006C165A /* TamagotchiApp */;
			targetProxy = 074D695725BAF5AB006C165A /* PBXContainerItemProxy */;
		};
		074D696325BAF5AC006C165A /* PBXTargetDependency */ = {
			isa = PBXTargetDependency;
			target = 074D694425BAF5A5006C165A /* TamagotchiApp */;
			targetProxy = 074D696225BAF5AC006C165A /* PBXContainerItemProxy */;
		};
/* End PBXTargetDependency section */

/* Begin XCBuildConfiguration section */
		074D696825BAF5AC006C165A /* Debug */ = {
			isa = XCBuildConfiguration;
			buildSettings = {
				ALWAYS_SEARCH_USER_PATHS = NO;
				CLANG_ANALYZER_NONNULL = YES;
				CLANG_ANALYZER_NUMBER_OBJECT_CONVERSION = YES_AGGRESSIVE;
				CLANG_CXX_LANGUAGE_STANDARD = "gnu++14";
				CLANG_CXX_LIBRARY = "libc++";
				CLANG_ENABLE_MODULES = YES;
				CLANG_ENABLE_OBJC_ARC = YES;
				CLANG_ENABLE_OBJC_WEAK = YES;
				CLANG_WARN_BLOCK_CAPTURE_AUTORELEASING = YES;
				CLANG_WARN_BOOL_CONVERSION = YES;
				CLANG_WARN_COMMA = YES;
				CLANG_WARN_CONSTANT_CONVERSION = YES;
				CLANG_WARN_DEPRECATED_OBJC_IMPLEMENTATIONS = YES;
				CLANG_WARN_DIRECT_OBJC_ISA_USAGE = YES_ERROR;
				CLANG_WARN_DOCUMENTATION_COMMENTS = YES;
				CLANG_WARN_EMPTY_BODY = YES;
				CLANG_WARN_ENUM_CONVERSION = YES;
				CLANG_WARN_INFINITE_RECURSION = YES;
				CLANG_WARN_INT_CONVERSION = YES;
				CLANG_WARN_NON_LITERAL_NULL_CONVERSION = YES;
				CLANG_WARN_OBJC_IMPLICIT_RETAIN_SELF = YES;
				CLANG_WARN_OBJC_LITERAL_CONVERSION = YES;
				CLANG_WARN_OBJC_ROOT_CLASS = YES_ERROR;
				CLANG_WARN_QUOTED_INCLUDE_IN_FRAMEWORK_HEADER = YES;
				CLANG_WARN_RANGE_LOOP_ANALYSIS = YES;
				CLANG_WARN_STRICT_PROTOTYPES = YES;
				CLANG_WARN_SUSPICIOUS_MOVE = YES;
				CLANG_WARN_UNGUARDED_AVAILABILITY = YES_AGGRESSIVE;
				CLANG_WARN_UNREACHABLE_CODE = YES;
				CLANG_WARN__DUPLICATE_METHOD_MATCH = YES;
				COPY_PHASE_STRIP = NO;
				DEBUG_INFORMATION_FORMAT = dwarf;
				ENABLE_STRICT_OBJC_MSGSEND = YES;
				ENABLE_TESTABILITY = YES;
				GCC_C_LANGUAGE_STANDARD = gnu11;
				GCC_DYNAMIC_NO_PIC = NO;
				GCC_NO_COMMON_BLOCKS = YES;
				GCC_OPTIMIZATION_LEVEL = 0;
				GCC_PREPROCESSOR_DEFINITIONS = (
					"DEBUG=1",
					"$(inherited)",
				);
				GCC_WARN_64_TO_32_BIT_CONVERSION = YES;
				GCC_WARN_ABOUT_RETURN_TYPE = YES_ERROR;
				GCC_WARN_UNDECLARED_SELECTOR = YES;
				GCC_WARN_UNINITIALIZED_AUTOS = YES_AGGRESSIVE;
				GCC_WARN_UNUSED_FUNCTION = YES;
				GCC_WARN_UNUSED_VARIABLE = YES;
				IPHONEOS_DEPLOYMENT_TARGET = 14.2;
				MTL_ENABLE_DEBUG_INFO = INCLUDE_SOURCE;
				MTL_FAST_MATH = YES;
				ONLY_ACTIVE_ARCH = YES;
				SDKROOT = iphoneos;
				SWIFT_ACTIVE_COMPILATION_CONDITIONS = DEBUG;
				SWIFT_OPTIMIZATION_LEVEL = "-Onone";
			};
			name = Debug;
		};
		074D696925BAF5AC006C165A /* Release */ = {
			isa = XCBuildConfiguration;
			buildSettings = {
				ALWAYS_SEARCH_USER_PATHS = NO;
				CLANG_ANALYZER_NONNULL = YES;
				CLANG_ANALYZER_NUMBER_OBJECT_CONVERSION = YES_AGGRESSIVE;
				CLANG_CXX_LANGUAGE_STANDARD = "gnu++14";
				CLANG_CXX_LIBRARY = "libc++";
				CLANG_ENABLE_MODULES = YES;
				CLANG_ENABLE_OBJC_ARC = YES;
				CLANG_ENABLE_OBJC_WEAK = YES;
				CLANG_WARN_BLOCK_CAPTURE_AUTORELEASING = YES;
				CLANG_WARN_BOOL_CONVERSION = YES;
				CLANG_WARN_COMMA = YES;
				CLANG_WARN_CONSTANT_CONVERSION = YES;
				CLANG_WARN_DEPRECATED_OBJC_IMPLEMENTATIONS = YES;
				CLANG_WARN_DIRECT_OBJC_ISA_USAGE = YES_ERROR;
				CLANG_WARN_DOCUMENTATION_COMMENTS = YES;
				CLANG_WARN_EMPTY_BODY = YES;
				CLANG_WARN_ENUM_CONVERSION = YES;
				CLANG_WARN_INFINITE_RECURSION = YES;
				CLANG_WARN_INT_CONVERSION = YES;
				CLANG_WARN_NON_LITERAL_NULL_CONVERSION = YES;
				CLANG_WARN_OBJC_IMPLICIT_RETAIN_SELF = YES;
				CLANG_WARN_OBJC_LITERAL_CONVERSION = YES;
				CLANG_WARN_OBJC_ROOT_CLASS = YES_ERROR;
				CLANG_WARN_QUOTED_INCLUDE_IN_FRAMEWORK_HEADER = YES;
				CLANG_WARN_RANGE_LOOP_ANALYSIS = YES;
				CLANG_WARN_STRICT_PROTOTYPES = YES;
				CLANG_WARN_SUSPICIOUS_MOVE = YES;
				CLANG_WARN_UNGUARDED_AVAILABILITY = YES_AGGRESSIVE;
				CLANG_WARN_UNREACHABLE_CODE = YES;
				CLANG_WARN__DUPLICATE_METHOD_MATCH = YES;
				COPY_PHASE_STRIP = NO;
				DEBUG_INFORMATION_FORMAT = "dwarf-with-dsym";
				ENABLE_NS_ASSERTIONS = NO;
				ENABLE_STRICT_OBJC_MSGSEND = YES;
				GCC_C_LANGUAGE_STANDARD = gnu11;
				GCC_NO_COMMON_BLOCKS = YES;
				GCC_WARN_64_TO_32_BIT_CONVERSION = YES;
				GCC_WARN_ABOUT_RETURN_TYPE = YES_ERROR;
				GCC_WARN_UNDECLARED_SELECTOR = YES;
				GCC_WARN_UNINITIALIZED_AUTOS = YES_AGGRESSIVE;
				GCC_WARN_UNUSED_FUNCTION = YES;
				GCC_WARN_UNUSED_VARIABLE = YES;
				IPHONEOS_DEPLOYMENT_TARGET = 14.2;
				MTL_ENABLE_DEBUG_INFO = NO;
				MTL_FAST_MATH = YES;
				SDKROOT = iphoneos;
				SWIFT_COMPILATION_MODE = wholemodule;
				SWIFT_OPTIMIZATION_LEVEL = "-O";
				VALIDATE_PRODUCT = YES;
			};
			name = Release;
		};
		074D696B25BAF5AC006C165A /* Debug */ = {
			isa = XCBuildConfiguration;
			buildSettings = {
				ASSETCATALOG_COMPILER_APPICON_NAME = AppIcon;
				ASSETCATALOG_COMPILER_GLOBAL_ACCENT_COLOR_NAME = AccentColor;
				CODE_SIGN_STYLE = Automatic;
				DEVELOPMENT_ASSET_PATHS = "\"TamagotchiApp/Preview Content\"";
				ENABLE_PREVIEWS = YES;
				INFOPLIST_FILE = TamagotchiApp/Info.plist;
				IPHONEOS_DEPLOYMENT_TARGET = 14.0;
				LD_RUNPATH_SEARCH_PATHS = (
					"$(inherited)",
					"@executable_path/Frameworks",
				);
				PRODUCT_BUNDLE_IDENTIFIER = "com.saahil-b.TamagotchiApp";
				PRODUCT_NAME = "$(TARGET_NAME)";
				SWIFT_VERSION = 5.0;
				TARGETED_DEVICE_FAMILY = "1,2";
			};
			name = Debug;
		};
		074D696C25BAF5AC006C165A /* Release */ = {
			isa = XCBuildConfiguration;
			buildSettings = {
				ASSETCATALOG_COMPILER_APPICON_NAME = AppIcon;
				ASSETCATALOG_COMPILER_GLOBAL_ACCENT_COLOR_NAME = AccentColor;
				CODE_SIGN_STYLE = Automatic;
				DEVELOPMENT_ASSET_PATHS = "\"TamagotchiApp/Preview Content\"";
				ENABLE_PREVIEWS = YES;
				INFOPLIST_FILE = TamagotchiApp/Info.plist;
				IPHONEOS_DEPLOYMENT_TARGET = 14.0;
				LD_RUNPATH_SEARCH_PATHS = (
					"$(inherited)",
					"@executable_path/Frameworks",
				);
				PRODUCT_BUNDLE_IDENTIFIER = "com.saahil-b.TamagotchiApp";
				PRODUCT_NAME = "$(TARGET_NAME)";
				SWIFT_VERSION = 5.0;
				TARGETED_DEVICE_FAMILY = "1,2";
			};
			name = Release;
		};
		074D696E25BAF5AC006C165A /* Debug */ = {
			isa = XCBuildConfiguration;
			buildSettings = {
				ALWAYS_EMBED_SWIFT_STANDARD_LIBRARIES = YES;
				BUNDLE_LOADER = "$(TEST_HOST)";
				CODE_SIGN_STYLE = Automatic;
				INFOPLIST_FILE = TamagotchiAppTests/Info.plist;
				IPHONEOS_DEPLOYMENT_TARGET = 14.0;
				LD_RUNPATH_SEARCH_PATHS = (
					"$(inherited)",
					"@executable_path/Frameworks",
					"@loader_path/Frameworks",
				);
				PRODUCT_BUNDLE_IDENTIFIER = "com.saahil-b.TamagotchiAppTests";
				PRODUCT_NAME = "$(TARGET_NAME)";
				SWIFT_VERSION = 5.0;
				TARGETED_DEVICE_FAMILY = "1,2";
				TEST_HOST = "$(BUILT_PRODUCTS_DIR)/TamagotchiApp.app/TamagotchiApp";
			};
			name = Debug;
		};
		074D696F25BAF5AC006C165A /* Release */ = {
			isa = XCBuildConfiguration;
			buildSettings = {
				ALWAYS_EMBED_SWIFT_STANDARD_LIBRARIES = YES;
				BUNDLE_LOADER = "$(TEST_HOST)";
				CODE_SIGN_STYLE = Automatic;
				INFOPLIST_FILE = TamagotchiAppTests/Info.plist;
				IPHONEOS_DEPLOYMENT_TARGET = 14.0;
				LD_RUNPATH_SEARCH_PATHS = (
					"$(inherited)",
					"@executable_path/Frameworks",
					"@loader_path/Frameworks",
				);
				PRODUCT_BUNDLE_IDENTIFIER = "com.saahil-b.TamagotchiAppTests";
				PRODUCT_NAME = "$(TARGET_NAME)";
				SWIFT_VERSION = 5.0;
				TARGETED_DEVICE_FAMILY = "1,2";
				TEST_HOST = "$(BUILT_PRODUCTS_DIR)/TamagotchiApp.app/TamagotchiApp";
			};
			name = Release;
		};
		074D697125BAF5AC006C165A /* Debug */ = {
			isa = XCBuildConfiguration;
			buildSettings = {
				ALWAYS_EMBED_SWIFT_STANDARD_LIBRARIES = YES;
				CODE_SIGN_STYLE = Automatic;
				INFOPLIST_FILE = TamagotchiAppUITests/Info.plist;
				LD_RUNPATH_SEARCH_PATHS = (
					"$(inherited)",
					"@executable_path/Frameworks",
					"@loader_path/Frameworks",
				);
				PRODUCT_BUNDLE_IDENTIFIER = "com.saahil-b.TamagotchiAppUITests";
				PRODUCT_NAME = "$(TARGET_NAME)";
				SWIFT_VERSION = 5.0;
				TARGETED_DEVICE_FAMILY = "1,2";
				TEST_TARGET_NAME = TamagotchiApp;
			};
			name = Debug;
		};
		074D697225BAF5AC006C165A /* Release */ = {
			isa = XCBuildConfiguration;
			buildSettings = {
				ALWAYS_EMBED_SWIFT_STANDARD_LIBRARIES = YES;
				CODE_SIGN_STYLE = Automatic;
				INFOPLIST_FILE = TamagotchiAppUITests/Info.plist;
				LD_RUNPATH_SEARCH_PATHS = (
					"$(inherited)",
					"@executable_path/Frameworks",
					"@loader_path/Frameworks",
				);
				PRODUCT_BUNDLE_IDENTIFIER = "com.saahil-b.TamagotchiAppUITests";
				PRODUCT_NAME = "$(TARGET_NAME)";
				SWIFT_VERSION = 5.0;
				TARGETED_DEVICE_FAMILY = "1,2";
				TEST_TARGET_NAME = TamagotchiApp;
			};
			name = Release;
		};
/* End XCBuildConfiguration section */

/* Begin XCConfigurationList section */
		074D694025BAF5A5006C165A /* Build configuration list for PBXProject "TamagotchiApp" */ = {
			isa = XCConfigurationList;
			buildConfigurations = (
				074D696825BAF5AC006C165A /* Debug */,
				074D696925BAF5AC006C165A /* Release */,
			);
			defaultConfigurationIsVisible = 0;
			defaultConfigurationName = Release;
		};
		074D696A25BAF5AC006C165A /* Build configuration list for PBXNativeTarget "TamagotchiApp" */ = {
			isa = XCConfigurationList;
			buildConfigurations = (
				074D696B25BAF5AC006C165A /* Debug */,
				074D696C25BAF5AC006C165A /* Release */,
			);
			defaultConfigurationIsVisible = 0;
			defaultConfigurationName = Release;
		};
		074D696D25BAF5AC006C165A /* Build configuration list for PBXNativeTarget "TamagotchiAppTests" */ = {
			isa = XCConfigurationList;
			buildConfigurations = (
				074D696E25BAF5AC006C165A /* Debug */,
				074D696F25BAF5AC006C165A /* Release */,
			);
			defaultConfigurationIsVisible = 0;
			defaultConfigurationName = Release;
		};
		074D697025BAF5AC006C165A /* Build configuration list for PBXNativeTarget "TamagotchiAppUITests" */ = {
			isa = XCConfigurationList;
			buildConfigurations = (
				074D697125BAF5AC006C165A /* Debug */,
				074D697225BAF5AC006C165A /* Release */,
			);
			defaultConfigurationIsVisible = 0;
			defaultConfigurationName = Release;
		};
/* End XCConfigurationList section */
	};
	rootObject = 074D693D25BAF5A5006C165A /* Project object */;
}
